
Microsoft Visual Studio Solution File, Format Version 12.00
# Visual Studio Version 17
VisualStudioVersion = 17.8.34408.163
MinimumVisualStudioVersion = 10.0.40219.1
Project("{9A19103F-16F7-4668-BE54-9A1E7A4F7556}") = "WebAPI", "PawPoint\WebAPI.csproj", "{AD600A65-79FD-4E67-A458-8AD7C4C6B29C}"
EndProject
Project("{2150E333-8FDC-42A3-9474-1A3956D46DE8}") = "0. Config", "0. Config", "{B90DC431-5B4C-46DE-8A2E-9BBA96B48961}"
	ProjectSection(SolutionItems) = preProject
		config.json = config.json
	EndProjectSection
EndProject
Project("{2150E333-8FDC-42A3-9474-1A3956D46DE8}") = "4. WebApps", "4. WebApps", "{2D05653F-6636-4D70-A355-1390DB47551D}"
EndProject
Project("{2150E333-8FDC-42A3-9474-1A3956D46DE8}") = "1. Domain", "1. Domain", "{02009EEC-85B3-42B7-B334-A6AEF5EEE104}"
EndProject
Project("{2150E333-8FDC-42A3-9474-1A3956D46DE8}") = "2. DAL", "2. DAL", "{00F70AAE-B508-4382-B674-E51409CEF806}"
EndProject
Project("{2150E333-8FDC-42A3-9474-1A3956D46DE8}") = "3. BLL", "3. BLL", "{0BA21DD5-E2A1-459E-AC37-ED4560E1C783}"
EndProject
Project("{9A19103F-16F7-4668-BE54-9A1E7A4F7556}") = "Common", "Common\Common.csproj", "{26CFCE4A-2810-4AFC-9FF6-1F897EF90A1F}"
EndProject
Project("{9A19103F-16F7-4668-BE54-9A1E7A4F7556}") = "Domain", "Domain\Domain.csproj", "{9D7F4F3E-CED8-489B-9D67-BF51B9AAB3AE}"
EndProject
Project("{9A19103F-16F7-4668-BE54-9A1E7A4F7556}") = "DAL", "DAL\DAL.csproj", "{482CB1F6-9819-41DD-B4A6-048DD10D74A0}"
EndProject
Project("{9A19103F-16F7-4668-BE54-9A1E7A4F7556}") = "DAL.Startup", "DAL.Startup\DAL.Startup.csproj", "{08ED3265-5191-471D-8C4B-45370A14ACA5}"
EndProject
Project("{9A19103F-16F7-4668-BE54-9A1E7A4F7556}") = "BLL", "BLL\BLL.csproj", "{AABEBEEC-1BDB-47C6-9ABC-42602224344D}"
EndProject
Project("{9A19103F-16F7-4668-BE54-9A1E7A4F7556}") = "BLL.Startup", "BLL.Startup\BLL.Startup.csproj", "{44DB1840-A620-44BC-B498-20C89D471F85}"
EndProject
Global
	GlobalSection(SolutionConfigurationPlatforms) = preSolution
		Debug|Any CPU = Debug|Any CPU
		Release|Any CPU = Release|Any CPU
	EndGlobalSection
	GlobalSection(ProjectConfigurationPlatforms) = postSolution
		{AD600A65-79FD-4E67-A458-8AD7C4C6B29C}.Debug|Any CPU.ActiveCfg = Debug|Any CPU
		{AD600A65-79FD-4E67-A458-8AD7C4C6B29C}.Debug|Any CPU.Build.0 = Debug|Any CPU
		{AD600A65-79FD-4E67-A458-8AD7C4C6B29C}.Release|Any CPU.ActiveCfg = Release|Any CPU
		{AD600A65-79FD-4E67-A458-8AD7C4C6B29C}.Release|Any CPU.Build.0 = Release|Any CPU
		{26CFCE4A-2810-4AFC-9FF6-1F897EF90A1F}.Debug|Any CPU.ActiveCfg = Debug|Any CPU
		{26CFCE4A-2810-4AFC-9FF6-1F897EF90A1F}.Debug|Any CPU.Build.0 = Debug|Any CPU
		{26CFCE4A-2810-4AFC-9FF6-1F897EF90A1F}.Release|Any CPU.ActiveCfg = Release|Any CPU
		{26CFCE4A-2810-4AFC-9FF6-1F897EF90A1F}.Release|Any CPU.Build.0 = Release|Any CPU
		{9D7F4F3E-CED8-489B-9D67-BF51B9AAB3AE}.Debug|Any CPU.ActiveCfg = Debug|Any CPU
		{9D7F4F3E-CED8-489B-9D67-BF51B9AAB3AE}.Debug|Any CPU.Build.0 = Debug|Any CPU
		{9D7F4F3E-CED8-489B-9D67-BF51B9AAB3AE}.Release|Any CPU.ActiveCfg = Release|Any CPU
		{9D7F4F3E-CED8-489B-9D67-BF51B9AAB3AE}.Release|Any CPU.Build.0 = Release|Any CPU
		{482CB1F6-9819-41DD-B4A6-048DD10D74A0}.Debug|Any CPU.ActiveCfg = Debug|Any CPU
		{482CB1F6-9819-41DD-B4A6-048DD10D74A0}.Debug|Any CPU.Build.0 = Debug|Any CPU
		{482CB1F6-9819-41DD-B4A6-048DD10D74A0}.Release|Any CPU.ActiveCfg = Release|Any CPU
		{482CB1F6-9819-41DD-B4A6-048DD10D74A0}.Release|Any CPU.Build.0 = Release|Any CPU
		{08ED3265-5191-471D-8C4B-45370A14ACA5}.Debug|Any CPU.ActiveCfg = Debug|Any CPU
		{08ED3265-5191-471D-8C4B-45370A14ACA5}.Debug|Any CPU.Build.0 = Debug|Any CPU
		{08ED3265-5191-471D-8C4B-45370A14ACA5}.Release|Any CPU.ActiveCfg = Release|Any CPU
		{08ED3265-5191-471D-8C4B-45370A14ACA5}.Release|Any CPU.Build.0 = Release|Any CPU
		{AABEBEEC-1BDB-47C6-9ABC-42602224344D}.Debug|Any CPU.ActiveCfg = Debug|Any CPU
		{AABEBEEC-1BDB-47C6-9ABC-42602224344D}.Debug|Any CPU.Build.0 = Debug|Any CPU
		{AABEBEEC-1BDB-47C6-9ABC-42602224344D}.Release|Any CPU.ActiveCfg = Release|Any CPU
		{AABEBEEC-1BDB-47C6-9ABC-42602224344D}.Release|Any CPU.Build.0 = Release|Any CPU
		{44DB1840-A620-44BC-B498-20C89D471F85}.Debug|Any CPU.ActiveCfg = Debug|Any CPU
		{44DB1840-A620-44BC-B498-20C89D471F85}.Debug|Any CPU.Build.0 = Debug|Any CPU
		{44DB1840-A620-44BC-B498-20C89D471F85}.Release|Any CPU.ActiveCfg = Release|Any CPU
		{44DB1840-A620-44BC-B498-20C89D471F85}.Release|Any CPU.Build.0 = Release|Any CPU
	EndGlobalSection
	GlobalSection(SolutionProperties) = preSolution
		HideSolutionNode = FALSE
	EndGlobalSection
	GlobalSection(NestedProjects) = preSolution
		{AD600A65-79FD-4E67-A458-8AD7C4C6B29C} = {2D05653F-6636-4D70-A355-1390DB47551D}
		{26CFCE4A-2810-4AFC-9FF6-1F897EF90A1F} = {02009EEC-85B3-42B7-B334-A6AEF5EEE104}
		{9D7F4F3E-CED8-489B-9D67-BF51B9AAB3AE} = {02009EEC-85B3-42B7-B334-A6AEF5EEE104}
		{482CB1F6-9819-41DD-B4A6-048DD10D74A0} = {00F70AAE-B508-4382-B674-E51409CEF806}
		{08ED3265-5191-471D-8C4B-45370A14ACA5} = {00F70AAE-B508-4382-B674-E51409CEF806}
		{AABEBEEC-1BDB-47C6-9ABC-42602224344D} = {0BA21DD5-E2A1-459E-AC37-ED4560E1C783}
		{44DB1840-A620-44BC-B498-20C89D471F85} = {0BA21DD5-E2A1-459E-AC37-ED4560E1C783}
	EndGlobalSection
	GlobalSection(ExtensibilityGlobals) = postSolution
		SolutionGuid = {237830BE-56B1-4E05-92CB-BAC9B6EE0CF4}
	EndGlobalSection
EndGlobal
